
Microsoft Visual Studio Solution File, Format Version 12.00
# Visual Studio Version 16
VisualStudioVersion = 16.0.30204.135
MinimumVisualStudioVersion = 10.0.40219.1
Project("{FAE04EC0-301F-11D3-BF4B-00C04F79EFBC}") = "HomeATF.Appium", "HomeATF.Appium\HomeATF.Appium.csproj", "{6C4D5501-8949-4A77-9CE0-F804A3592C88}"
EndProject
Project("{FAE04EC0-301F-11D3-BF4B-00C04F79EFBC}") = "HomeATF.Elements.Notepad", "HomeATF.Elements.Notepad\HomeATF.Elements.Notepad.csproj", "{BF616F48-6EFC-40BD-9796-574CED6F6EAA}"
EndProject
Project("{FAE04EC0-301F-11D3-BF4B-00C04F79EFBC}") = "HomeATF.TestAutomation", "HomeATF.TestAutomation\HomeATF.TestAutomation.csproj", "{A6EE2E62-2A46-42F4-A8CB-358D1C3A9323}"
EndProject
Project("{FAE04EC0-301F-11D3-BF4B-00C04F79EFBC}") = "HomeATF.Appium.Tests", "HomeATF.Appium.Tests\HomeATF.Appium.Tests.csproj", "{F6997918-4722-412D-9496-A1243809E9AA}"
EndProject
Global
	GlobalSection(SolutionConfigurationPlatforms) = preSolution
		Debug|Any CPU = Debug|Any CPU
		Release|Any CPU = Release|Any CPU
	EndGlobalSection
	GlobalSection(ProjectConfigurationPlatforms) = postSolution
		{6C4D5501-8949-4A77-9CE0-F804A3592C88}.Debug|Any CPU.ActiveCfg = Debug|Any CPU
		{6C4D5501-8949-4A77-9CE0-F804A3592C88}.Debug|Any CPU.Build.0 = Debug|Any CPU
		{6C4D5501-8949-4A77-9CE0-F804A3592C88}.Release|Any CPU.ActiveCfg = Release|Any CPU
		{6C4D5501-8949-4A77-9CE0-F804A3592C88}.Release|Any CPU.Build.0 = Release|Any CPU
		{BF616F48-6EFC-40BD-9796-574CED6F6EAA}.Debug|Any CPU.ActiveCfg = Debug|Any CPU
		{BF616F48-6EFC-40BD-9796-574CED6F6EAA}.Debug|Any CPU.Build.0 = Debug|Any CPU
		{BF616F48-6EFC-40BD-9796-574CED6F6EAA}.Release|Any CPU.ActiveCfg = Release|Any CPU
		{BF616F48-6EFC-40BD-9796-574CED6F6EAA}.Release|Any CPU.Build.0 = Release|Any CPU
		{A6EE2E62-2A46-42F4-A8CB-358D1C3A9323}.Debug|Any CPU.ActiveCfg = Debug|Any CPU
		{A6EE2E62-2A46-42F4-A8CB-358D1C3A9323}.Debug|Any CPU.Build.0 = Debug|Any CPU
		{A6EE2E62-2A46-42F4-A8CB-358D1C3A9323}.Release|Any CPU.ActiveCfg = Release|Any CPU
		{A6EE2E62-2A46-42F4-A8CB-358D1C3A9323}.Release|Any CPU.Build.0 = Release|Any CPU
		{F6997918-4722-412D-9496-A1243809E9AA}.Debug|Any CPU.ActiveCfg = Debug|Any CPU
		{F6997918-4722-412D-9496-A1243809E9AA}.Debug|Any CPU.Build.0 = Debug|Any CPU
		{F6997918-4722-412D-9496-A1243809E9AA}.Release|Any CPU.ActiveCfg = Release|Any CPU
		{F6997918-4722-412D-9496-A1243809E9AA}.Release|Any CPU.Build.0 = Release|Any CPU
	EndGlobalSection
	GlobalSection(SolutionProperties) = preSolution
		HideSolutionNode = FALSE
	EndGlobalSection
	GlobalSection(ExtensibilityGlobals) = postSolution
		SolutionGuid = {20CB0E1F-872A-42EA-AA76-4E0F38B44E28}
	EndGlobalSection
EndGlobal
